PODS:
  - FBSnapshotTestCase (2.1.4):
    - FBSnapshotTestCase/SwiftSupport (= 2.1.4)
  - FBSnapshotTestCase/Core (2.1.4)
  - FBSnapshotTestCase/SwiftSupport (2.1.4):
    - FBSnapshotTestCase/Core
  - TRUNetworking (0.1.0)

DEPENDENCIES:
  - FBSnapshotTestCase
  - TRUNetworking (from `../`)

SPEC REPOS:
  trunk:
    - FBSnapshotTestCase

EXTERNAL SOURCES:
  TRUNetworking:
    :path: "../"

SPEC CHECKSUMS:
  FBSnapshotTestCase: 094f9f314decbabe373b87cc339bea235a63e07a
  TRUNetworking: 6dc8b4c93832c28ebcfed27760c73252fe1400cd

PODFILE CHECKSUM: 32b9efde8f3f2dc5e3ac5d942bc8e74133e866d5

COCOAPODS: 1.9.1
